// !$*UTF8*$!
{
	archiveVersion = 1;
	classes = {
	};
	objectVersion = 46;
	objects = {

/* Begin PBXBuildFile section */
		4104B4731E7B411E0068B7BF /* AppDelegate.swift in Sources */ = {isa = PBXBuildFile; fileRef = 4104B4721E7B411E0068B7BF /* AppDelegate.swift */; };
		4104B4751E7B411E0068B7BF /* ViewController.swift in Sources */ = {isa = PBXBuildFile; fileRef = 4104B4741E7B411E0068B7BF /* ViewController.swift */; };
		4104B4781E7B411E0068B7BF /* Main.storyboard in Resources */ = {isa = PBXBuildFile; fileRef = 4104B4761E7B411E0068B7BF /* Main.storyboard */; };
		4104B47A1E7B411E0068B7BF /* Assets.xcassets in Resources */ = {isa = PBXBuildFile; fileRef = 4104B4791E7B411E0068B7BF /* Assets.xcassets */; };
		4104B47D1E7B411E0068B7BF /* LaunchScreen.storyboard in Resources */ = {isa = PBXBuildFile; fileRef = 4104B47B1E7B411E0068B7BF /* LaunchScreen.storyboard */; };
		4104B4851E7B4A410068B7BF /* DefViewController.swift in Sources */ = {isa = PBXBuildFile; fileRef = 4104B4841E7B4A410068B7BF /* DefViewController.swift */; };
		4104B4871E7CA4360068B7BF /* Emoji.swift in Sources */ = {isa = PBXBuildFile; fileRef = 4104B4861E7CA4360068B7BF /* Emoji.swift */; };
/* End PBXBuildFile section */

/* Begin PBXFileReference section */
		4104B46F1E7B411E0068B7BF /* myTableViewProject.app */ = {isa = PBXFileReference; explicitFileType = wrapper.application; includeInIndex = 0; path = myTableViewProject.app; sourceTree = BUILT_PRODUCTS_DIR; };
		4104B4721E7B411E0068B7BF /* AppDelegate.swift */ = {isa = PBXFileReference; lastKnownFileType = sourcecode.swift; path = AppDelegate.swift; sourceTree = "<group>"; };
		4104B4741E7B411E0068B7BF /* ViewController.swift */ = {isa = PBXFileReference; lastKnownFileType = sourcecode.swift; path = ViewController.swift; sourceTree = "<group>"; };
		4104B4771E7B411E0068B7BF /* Base */ = {isa = PBXFileReference; lastKnownFileType = file.storyboard; name = Base; path = Base.lproj/Main.storyboard; sourceTree = "<group>"; };
		4104B4791E7B411E0068B7BF /* Assets.xcassets */ = {isa = PBXFileReference; lastKnownFileType = folder.assetcatalog; path = Assets.xcassets; sourceTree = "<group>"; };
		4104B47C1E7B411E0068B7BF /* Base */ = {isa = PBXFileReference; lastKnownFileType = file.storyboard; name = Base; path = Base.lproj/LaunchScreen.storyboard; sourceTree = "<group>"; };
		4104B47E1E7B411E0068B7BF /* Info.plist */ = {isa = PBXFileReference; lastKnownFileType = text.plist.xml; path = Info.plist; sourceTree = "<group>"; };
		4104B4841E7B4A410068B7BF /* DefViewController.swift */ = {isa = PBXFileReference; fileEncoding = 4; lastKnownFileType = sourcecode.swift; name = DefViewController.swift; path = ../DefViewController.swift; sourceTree = "<group>"; };
		4104B4861E7CA4360068B7BF /* Emoji.swift */ = {isa = PBXFileReference; fileEncoding = 4; lastKnownFileType = sourcecode.swift; path = Emoji.swift; sourceTree = "<group>"; };
/* End PBXFileReference section */

/* Begin PBXFrameworksBuildPhase section */
		4104B46C1E7B411E0068B7BF /* Frameworks */ = {
			isa = PBXFrameworksBuildPhase;
			buildActionMask = 2147483647;
			files = (
			);
			runOnlyForDeploymentPostprocessing = 0;
		};
/* End PBXFrameworksBuildPhase section */

/* Begin PBXGroup section */
		4104B4661E7B411E0068B7BF = {
			isa = PBXGroup;
			children = (
				4104B4711E7B411E0068B7BF /* myTableViewProject */,
				4104B4701E7B411E0068B7BF /* Products */,
			);
			sourceTree = "<group>";
		};
		4104B4701E7B411E0068B7BF /* Products */ = {
			isa = PBXGroup;
			children = (
				4104B46F1E7B411E0068B7BF /* myTableViewProject.app */,
			);
			name = Products;
			sourceTree = "<group>";
		};
		4104B4711E7B411E0068B7BF /* myTableViewProject */ = {
			isa = PBXGroup;
			children = (
				4104B4721E7B411E0068B7BF /* AppDelegate.swift */,
				4104B4741E7B411E0068B7BF /* ViewController.swift */,
				4104B4861E7CA4360068B7BF /* Emoji.swift */,
				4104B4841E7B4A410068B7BF /* DefViewController.swift */,
				4104B4761E7B411E0068B7BF /* Main.storyboard */,
				4104B4791E7B411E0068B7BF /* Assets.xcassets */,
				4104B47B1E7B411E0068B7BF /* LaunchScreen.storyboard */,
				4104B47E1E7B411E0068B7BF /* Info.plist */,
			);
			path = myTableViewProject;
			sourceTree = "<group>";
		};
/* End PBXGroup section */

/* Begin PBXNativeTarget section */
		4104B46E1E7B411E0068B7BF /* myTableViewProject */ = {
			isa = PBXNativeTarget;
			buildConfigurationList = 4104B4811E7B411E0068B7BF /* Build configuration list for PBXNativeTarget "myTableViewProject" */;
			buildPhases = (
				4104B46B1E7B411E0068B7BF /* Sources */,
				4104B46C1E7B411E0068B7BF /* Frameworks */,
				4104B46D1E7B411E0068B7BF /* Resources */,
			);
			buildRules = (
			);
			dependencies = (
			);
			name = myTableViewProject;
			productName = myTableViewProject;
			productReference = 4104B46F1E7B411E0068B7BF /* myTableViewProject.app */;
			productType = "com.apple.product-type.application";
		};
/* End PBXNativeTarget section */

/* Begin PBXProject section */
		4104B4671E7B411E0068B7BF /* Project object */ = {
			isa = PBXProject;
			attributes = {
				LastSwiftUpdateCheck = 0820;
				LastUpgradeCheck = 0820;
				ORGANIZATIONNAME = compume;
				TargetAttributes = {
					4104B46E1E7B411E0068B7BF = {
						CreatedOnToolsVersion = 8.2.1;
						ProvisioningStyle = Automatic;
					};
				};
			};
			buildConfigurationList = 4104B46A1E7B411E0068B7BF /* Build configuration list for PBXProject "myTableViewProject" */;
			compatibilityVersion = "Xcode 3.2";
			developmentRegion = English;
			hasScannedForEncodings = 0;
			knownRegions = (
				en,
				Base,
			);
			mainGroup = 4104B4661E7B411E0068B7BF;
			productRefGroup = 4104B4701E7B411E0068B7BF /* Products */;
			projectDirPath = "";
			projectRoot = "";
			targets = (
				4104B46E1E7B411E0068B7BF /* myTableViewProject */,
			);
		};
/* End PBXProject section */

/* Begin PBXResourcesBuildPhase section */
		4104B46D1E7B411E0068B7BF /* Resources */ = {
			isa = PBXResourcesBuildPhase;
			buildActionMask = 2147483647;
			files = (
				4104B47D1E7B411E0068B7BF /* LaunchScreen.storyboard in Resources */,
				4104B47A1E7B411E0068B7BF /* Assets.xcassets in Resources */,
				4104B4781E7B411E0068B7BF /* Main.storyboard in Resources */,
			);
			runOnlyForDeploymentPostprocessing = 0;
		};
/* End PBXResourcesBuildPhase section */

/* Begin PBXSourcesBuildPhase section */
		4104B46B1E7B411E0068B7BF /* Sources */ = {
			isa = PBXSourcesBuildPhase;
			buildActionMask = 2147483647;
			files = (
				4104B4851E7B4A410068B7BF /* DefViewController.swift in Sources */,
				4104B4751E7B411E0068B7BF /* ViewController.swift in Sources */,
				4104B4871E7CA4360068B7BF /* Emoji.swift in Sources */,
				4104B4731E7B411E0068B7BF /* AppDelegate.swift in Sources */,
			);
			runOnlyForDeploymentPostprocessing = 0;
		};
/* End PBXSourcesBuildPhase section */

/* Begin PBXVariantGroup section */
		4104B4761E7B411E0068B7BF /* Main.storyboard */ = {
			isa = PBXVariantGroup;
			children = (
				4104B4771E7B411E0068B7BF /* Base */,
			);
			name = Main.storyboard;
			sourceTree = "<group>";
		};
		4104B47B1E7B411E0068B7BF /* LaunchScreen.storyboard */ = {
			isa = PBXVariantGroup;
			children = (
				4104B47C1E7B411E0068B7BF /* Base */,
			);
			name = LaunchScreen.storyboard;
			sourceTree = "<group>";
		};
/* End PBXVariantGroup section */

/* Begin XCBuildConfiguration section */
		4104B47F1E7B411E0068B7BF /* Debug */ = {
			isa = XCBuildConfiguration;
			buildSettings = {
				ALWAYS_SEARCH_USER_PATHS = NO;
				CLANG_ANALYZER_NONNULL = YES;
				CLANG_CXX_LANGUAGE_STANDARD = "gnu++0x";
				CLANG_CXX_LIBRARY = "libc++";
				CLANG_ENABLE_MODULES = YES;
				CLANG_ENABLE_OBJC_ARC = YES;
				CLANG_WARN_BOOL_CONVERSION = YES;
				CLANG_WARN_CONSTANT_CONVERSION = YES;
				CLANG_WARN_DIRECT_OBJC_ISA_USAGE = YES_ERROR;
				CLANG_WARN_DOCUMENTATION_COMMENTS = YES;
				CLANG_WARN_EMPTY_BODY = YES;
				CLANG_WARN_ENUM_CONVERSION = YES;
				CLANG_WARN_INFINITE_RECURSION = YES;
				CLANG_WARN_INT_CONVERSION = YES;
				CLANG_WARN_OBJC_ROOT_CLASS = YES_ERROR;
				CLANG_WARN_SUSPICIOUS_MOVE = YES;
				CLANG_WARN_UNREACHABLE_CODE = YES;
				CLANG_WARN__DUPLICATE_METHOD_MATCH = YES;
				"CODE_SIGN_IDENTITY[sdk=iphoneos*]" = "iPhone Developer";
				COPY_PHASE_STRIP = NO;
				DEBUG_INFORMATION_FORMAT = dwarf;
				ENABLE_STRICT_OBJC_MSGSEND = YES;
				ENABLE_TESTABILITY = YES;
				GCC_C_LANGUAGE_STANDARD = gnu99;
				GCC_DYNAMIC_NO_PIC = NO;
				GCC_NO_COMMON_BLOCKS = YES;
				GCC_OPTIMIZATION_LEVEL = 0;
				GCC_PREPROCESSOR_DEFINITIONS = (
					"DEBUG=1",
					"$(inherited)",
				);
				GCC_WARN_64_TO_32_BIT_CONVERSION = YES;
				GCC_WARN_ABOUT_RETURN_TYPE = YES_ERROR;
				GCC_WARN_UNDECLARED_SELECTOR = YES;
				GCC_WARN_UNINITIALIZED_AUTOS = YES_AGGRESSIVE;
				GCC_WARN_UNUSED_FUNCTION = YES;
				GCC_WARN_UNUSED_VARIABLE = YES;
				IPHONEOS_DEPLOYMENT_TARGET = 10.2;
				MTL_ENABLE_DEBUG_INFO = YES;
				ONLY_ACTIVE_ARCH = YES;
				SDKROOT = iphoneos;
				SWIFT_ACTIVE_COMPILATION_CONDITIONS = DEBUG;
				SWIFT_OPTIMIZATION_LEVEL = "-Onone";
				TARGETED_DEVICE_FAMILY = "1,2";
			};
			name = Debug;
		};
		4104B4801E7B411E0068B7BF /* Release */ = {
			isa = XCBuildConfiguration;
			buildSettings = {
				ALWAYS_SEARCH_USER_PATHS = NO;
				CLANG_ANALYZER_NONNULL = YES;
				CLANG_CXX_LANGUAGE_STANDARD = "gnu++0x";
				CLANG_CXX_LIBRARY = "libc++";
				CLANG_ENABLE_MODULES = YES;
				CLANG_ENABLE_OBJC_ARC = YES;
				CLANG_WARN_BOOL_CONVERSION = YES;
				CLANG_WARN_CONSTANT_CONVERSION = YES;
				CLANG_WARN_DIRECT_OBJC_ISA_USAGE = YES_ERROR;
				CLANG_WARN_DOCUMENTATION_COMMENTS = YES;
				CLANG_WARN_EMPTY_BODY = YES;
				CLANG_WARN_ENUM_CONVERSION = YES;
				CLANG_WARN_INFINITE_RECURSION = YES;
				CLANG_WARN_INT_CONVERSION = YES;
				CLANG_WARN_OBJC_ROOT_CLASS = YES_ERROR;
				CLANG_WARN_SUSPICIOUS_MOVE = YES;
				CLANG_WARN_UNREACHABLE_CODE = YES;
				CLANG_WARN__DUPLICATE_METHOD_MATCH = YES;
				"CODE_SIGN_IDENTITY[sdk=iphoneos*]" = "iPhone Developer";
				COPY_PHASE_STRIP = NO;
				DEBUG_INFORMATION_FORMAT = "dwarf-with-dsym";
				ENABLE_NS_ASSERTIONS = NO;
				ENABLE_STRICT_OBJC_MSGSEND = YES;
				GCC_C_LANGUAGE_STANDARD = gnu99;
				GCC_NO_COMMON_BLOCKS = YES;
				GCC_WARN_64_TO_32_BIT_CONVERSION = YES;
				GCC_WARN_ABOUT_RETURN_TYPE = YES_ERROR;
				GCC_WARN_UNDECLARED_SELECTOR = YES;
				GCC_WARN_UNINITIALIZED_AUTOS = YES_AGGRESSIVE;
				GCC_WARN_UNUSED_FUNCTION = YES;
				GCC_WARN_UNUSED_VARIABLE = YES;
				IPHONEOS_DEPLOYMENT_TARGET = 10.2;
				MTL_ENABLE_DEBUG_INFO = NO;
				SDKROOT = iphoneos;
				SWIFT_OPTIMIZATION_LEVEL = "-Owholemodule";
				TARGETED_DEVICE_FAMILY = "1,2";
				VALIDATE_PRODUCT = YES;
			};
			name = Release;
		};
		4104B4821E7B411E0068B7BF /* Debug */ = {
			isa = XCBuildConfiguration;
			buildSettings = {
				ASSETCATALOG_COMPILER_APPICON_NAME = AppIcon;
				INFOPLIST_FILE = myTableViewProject/Info.plist;
				LD_RUNPATH_SEARCH_PATHS = "$(inherited) @executable_path/Frameworks";
				PRODUCT_BUNDLE_IDENTIFIER = com.compume.myTableViewProject;
				PRODUCT_NAME = "$(TARGET_NAME)";
				SWIFT_VERSION = 3.0;
			};
			name = Debug;
		};
		4104B4831E7B411E0068B7BF /* Release */ = {
			isa = XCBuildConfiguration;
			buildSettings = {
				ASSETCATALOG_COMPILER_APPICON_NAME = AppIcon;
				INFOPLIST_FILE = myTableViewProject/Info.plist;
				LD_RUNPATH_SEARCH_PATHS = "$(inherited) @executable_path/Frameworks";
				PRODUCT_BUNDLE_IDENTIFIER = com.compume.myTableViewProject;
				PRODUCT_NAME = "$(TARGET_NAME)";
				SWIFT_VERSION = 3.0;
			};
			name = Release;
		};
/* End XCBuildConfiguration section */

/* Begin XCConfigurationList section */
		4104B46A1E7B411E0068B7BF /* Build configuration list for PBXProject "myTableViewProject" */ = {
			isa = XCConfigurationList;
			buildConfigurations = (
				4104B47F1E7B411E0068B7BF /* Debug */,
				4104B4801E7B411E0068B7BF /* Release */,
			);
			defaultConfigurationIsVisible = 0;
			defaultConfigurationName = Release;
		};
		4104B4811E7B411E0068B7BF /* Build configuration list for PBXNativeTarget "myTableViewProject" */ = {
			isa = XCConfigurationList;
			buildConfigurations = (
				4104B4821E7B411E0068B7BF /* Debug */,
				4104B4831E7B411E0068B7BF /* Release */,
			);
			defaultConfigurationIsVisible = 0;
			defaultConfigurationName = Release;
		};
/* End XCConfigurationList section */
	};
	rootObject = 4104B4671E7B411E0068B7BF /* Project object */;
}
